
Microsoft Visual Studio Solution File, Format Version 12.00
# Visual Studio Version 16
VisualStudioVersion = 25.0.1703.0
MinimumVisualStudioVersion = 10.0.40219.1
Project("{FAE04EC0-301F-11D3-BF4B-00C04F79EFBC}") = "CentralisedPackageConverter", "CentralisedPackageConverter\CentralisedPackageConverter.csproj", "{E98A0B53-9897-413A-A337-2E41BBA35027}"
EndProject
Global
	GlobalSection(SolutionConfigurationPlatforms) = preSolution
		Debug|Any CPU = Debug|Any CPU
		Release|Any CPU = Release|Any CPU
	EndGlobalSection
	GlobalSection(ProjectConfigurationPlatforms) = postSolution
		{E98A0B53-9897-413A-A337-2E41BBA35027}.Debug|Any CPU.ActiveCfg = Debug|Any CPU
		{E98A0B53-9897-413A-A337-2E41BBA35027}.Debug|Any CPU.Build.0 = Debug|Any CPU
		{E98A0B53-9897-413A-A337-2E41BBA35027}.Release|Any CPU.ActiveCfg = Release|Any CPU
		{E98A0B53-9897-413A-A337-2E41BBA35027}.Release|Any CPU.Build.0 = Release|Any CPU
	EndGlobalSection
	GlobalSection(SolutionProperties) = preSolution
		HideSolutionNode = FALSE
	EndGlobalSection
	GlobalSection(ExtensibilityGlobals) = postSolution
		SolutionGuid = {D79292D6-F151-4445-9C38-F9FFE4357580}
	EndGlobalSection
EndGlobal
