
Microsoft Visual Studio Solution File, Format Version 12.00
# Visual Studio Version 17
VisualStudioVersion = 17.5.33516.290
MinimumVisualStudioVersion = 10.0.40219.1
Project("{9A19103F-16F7-4668-BE54-9A1E7A4F7556}") = "CentralisedPackageConverter", "CentralisedPackageConverter\CentralisedPackageConverter.csproj", "{E98A0B53-9897-413A-A337-2E41BBA35027}"
EndProject
Project("{9A19103F-16F7-4668-BE54-9A1E7A4F7556}") = "CentralisedPackageConverter.Tests", "CentralisedPackageConverter.Tests\CentralisedPackageConverter.Tests.csproj", "{7C2FAF55-03F2-49CF-9C6A-6B4398BF6321}"
EndProject
Project("{2150E333-8FDC-42A3-9474-1A3956D46DE8}") = "SolutionItems", "SolutionItems", "{28D37E0F-1DC1-4AC9-BAA7-7CD45AB1E1A8}"
	ProjectSection(SolutionItems) = preProject
		README.md = README.md
	EndProjectSection
EndProject
Global
	GlobalSection(SolutionConfigurationPlatforms) = preSolution
		Debug|Any CPU = Debug|Any CPU
		Release|Any CPU = Release|Any CPU
	EndGlobalSection
	GlobalSection(ProjectConfigurationPlatforms) = postSolution
		{E98A0B53-9897-413A-A337-2E41BBA35027}.Debug|Any CPU.ActiveCfg = Debug|Any CPU
		{E98A0B53-9897-413A-A337-2E41BBA35027}.Debug|Any CPU.Build.0 = Debug|Any CPU
		{E98A0B53-9897-413A-A337-2E41BBA35027}.Release|Any CPU.ActiveCfg = Release|Any CPU
		{E98A0B53-9897-413A-A337-2E41BBA35027}.Release|Any CPU.Build.0 = Release|Any CPU
		{7C2FAF55-03F2-49CF-9C6A-6B4398BF6321}.Debug|Any CPU.ActiveCfg = Debug|Any CPU
		{7C2FAF55-03F2-49CF-9C6A-6B4398BF6321}.Debug|Any CPU.Build.0 = Debug|Any CPU
		{7C2FAF55-03F2-49CF-9C6A-6B4398BF6321}.Release|Any CPU.ActiveCfg = Release|Any CPU
		{7C2FAF55-03F2-49CF-9C6A-6B4398BF6321}.Release|Any CPU.Build.0 = Release|Any CPU
	EndGlobalSection
	GlobalSection(SolutionProperties) = preSolution
		HideSolutionNode = FALSE
	EndGlobalSection
	GlobalSection(ExtensibilityGlobals) = postSolution
		SolutionGuid = {D79292D6-F151-4445-9C38-F9FFE4357580}
	EndGlobalSection
EndGlobal
